{
    "_meta": {
        "hash": {
            "sha256": "cd1c64be9fc3deaf010d99b7b75e660830de9fdfaad0a1a035e73b87f767971f"
        },
        "pipfile-spec": 6,
        "requires": {
            "python_version": "3.12"
        },
        "sources": [
            {
                "name": "pypi",
                "url": "https://pypi.org/simple",
                "verify_ssl": true
            }
        ]
    },
    "default": {
        "asgiref": {
            "hashes": [
                "sha256:89b2ef2247e3b562a16eef663bc0e2e703ec6468e2fa8a5cd61cd449786d4f6e",
                "sha256:9e0ce3aa93a819ba5b45120216b23878cf6e8525eb3848653452b4192b92afed"
            ],
            "markers": "python_version >= '3.7'",
            "version": "==3.7.2"
        },
        "channels": {
            "hashes": [
                "sha256:0ce53507a7da7b148eaa454526e0e05f7da5e5d1c23440e4886cf146981d8420",
                "sha256:2253334ac76f67cba68c2072273f7e0e67dbdac77eeb7e318f511d2f9a53c5e4"
            ],
            "index": "pypi",
            "markers": "python_version >= '3.7'",
            "version": "==4.0.0"
        },
        "channels-redis": {
            "hashes": [
                "sha256:01c26c4d5d3a203f104bba9e5585c0305a70df390d21792386586068162027fd",
                "sha256:2c5b944a39bd984b72aa8005a3ae11637bf29b5092adeb91c9aad4ab819a8ac4"
            ],
            "index": "pypi",
            "markers": "python_version >= '3.8'",
            "version": "==4.2.0"
        },
        "django": {
            "hashes": [
                "sha256:8c8659665bc6e3a44fefe1ab0a291e5a3fb3979f9a8230be29de975e57e8f854",
                "sha256:f47a37a90b9bbe2c8ec360235192c7fddfdc832206fcf618bb849b39256affc1"
            ],
            "index": "pypi",
            "markers": "python_version >= '3.10'",
            "version": "==5.0.1"
        },
        "django-cors-headers": {
            "hashes": [
                "sha256:0b1fd19297e37417fc9f835d39e45c8c642938ddba1acce0c1753d3edef04f36",
                "sha256:0bf65ef45e606aff1994d35503e6b677c0b26cafff6506f8fd7187f3be840207"
            ],
            "index": "pypi",
            "markers": "python_version >= '3.8'",
            "version": "==4.3.1"
        },
        "django-debug-toolbar": {
            "hashes": [
                "sha256:af99128c06e8e794479e65ab62cc6c7d1e74e1c19beb44dcbf9bad7a9c017327",
                "sha256:bc7fdaafafcdedefcc67a4a5ad9dac96efd6e41db15bc74d402a54a2ba4854dc"
            ],
            "index": "pypi",
            "markers": "python_version >= '3.8'",
            "version": "==4.2.0"
        },
        "django-filter": {
            "hashes": [
                "sha256:67583aa43b91fe8c49f74a832d95f4d8442be628fd4c6d65e9f811f5153a4e5c",
                "sha256:99122a201d83860aef4fe77758b69dda913e874cc5e0eaa50a86b0b18d708400"
            ],
            "index": "pypi",
            "markers": "python_version >= '3.7'",
            "version": "==23.5"
        },
        "djangorestframework": {
            "hashes": [
                "sha256:579a333e6256b09489cbe0a067e66abe55c6595d8926be6b99423786334350c8",
                "sha256:eb63f58c9f218e1a7d064d17a70751f528ed4e1d35547fdade9aaf4cd103fd08"
            ],
            "index": "pypi",
            "markers": "python_version >= '3.6'",
            "version": "==3.14.0"
        },
        "msgpack": {
            "hashes": [
                "sha256:04ad6069c86e531682f9e1e71b71c1c3937d6014a7c3e9edd2aa81ad58842862",
                "sha256:0bfdd914e55e0d2c9e1526de210f6fe8ffe9705f2b1dfcc4aecc92a4cb4b533d",
                "sha256:1dc93e8e4653bdb5910aed79f11e165c85732067614f180f70534f056da97db3",
                "sha256:1e2d69948e4132813b8d1131f29f9101bc2c915f26089a6d632001a5c1349672",
                "sha256:235a31ec7db685f5c82233bddf9858748b89b8119bf4538d514536c485c15fe0",
                "sha256:27dcd6f46a21c18fa5e5deed92a43d4554e3df8d8ca5a47bf0615d6a5f39dbc9",
                "sha256:28efb066cde83c479dfe5a48141a53bc7e5f13f785b92ddde336c716663039ee",
                "sha256:3476fae43db72bd11f29a5147ae2f3cb22e2f1a91d575ef130d2bf49afd21c46",
                "sha256:36e17c4592231a7dbd2ed09027823ab295d2791b3b1efb2aee874b10548b7524",
                "sha256:384d779f0d6f1b110eae74cb0659d9aa6ff35aaf547b3955abf2ab4c901c4819",
                "sha256:38949d30b11ae5f95c3c91917ee7a6b239f5ec276f271f28638dec9156f82cfc",
                "sha256:3967e4ad1aa9da62fd53e346ed17d7b2e922cba5ab93bdd46febcac39be636fc",
                "sha256:3e7bf4442b310ff154b7bb9d81eb2c016b7d597e364f97d72b1acc3817a0fdc1",
                "sha256:3f0c8c6dfa6605ab8ff0611995ee30d4f9fcff89966cf562733b4008a3d60d82",
                "sha256:484ae3240666ad34cfa31eea7b8c6cd2f1fdaae21d73ce2974211df099a95d81",
                "sha256:4a7b4f35de6a304b5533c238bee86b670b75b03d31b7797929caa7a624b5dda6",
                "sha256:4cb14ce54d9b857be9591ac364cb08dc2d6a5c4318c1182cb1d02274029d590d",
                "sha256:4e71bc4416de195d6e9b4ee93ad3f2f6b2ce11d042b4d7a7ee00bbe0358bd0c2",
                "sha256:52700dc63a4676669b341ba33520f4d6e43d3ca58d422e22ba66d1736b0a6e4c",
                "sha256:572efc93db7a4d27e404501975ca6d2d9775705c2d922390d878fcf768d92c87",
                "sha256:576eb384292b139821c41995523654ad82d1916da6a60cff129c715a6223ea84",
                "sha256:5b0bf0effb196ed76b7ad883848143427a73c355ae8e569fa538365064188b8e",
                "sha256:5b6ccc0c85916998d788b295765ea0e9cb9aac7e4a8ed71d12e7d8ac31c23c95",
                "sha256:5ed82f5a7af3697b1c4786053736f24a0efd0a1b8a130d4c7bfee4b9ded0f08f",
                "sha256:6d4c80667de2e36970ebf74f42d1088cc9ee7ef5f4e8c35eee1b40eafd33ca5b",
                "sha256:730076207cb816138cf1af7f7237b208340a2c5e749707457d70705715c93b93",
                "sha256:7687e22a31e976a0e7fc99c2f4d11ca45eff652a81eb8c8085e9609298916dcf",
                "sha256:822ea70dc4018c7e6223f13affd1c5c30c0f5c12ac1f96cd8e9949acddb48a61",
                "sha256:84b0daf226913133f899ea9b30618722d45feffa67e4fe867b0b5ae83a34060c",
                "sha256:85765fdf4b27eb5086f05ac0491090fc76f4f2b28e09d9350c31aac25a5aaff8",
                "sha256:8dd178c4c80706546702c59529ffc005681bd6dc2ea234c450661b205445a34d",
                "sha256:8f5b234f567cf76ee489502ceb7165c2a5cecec081db2b37e35332b537f8157c",
                "sha256:98bbd754a422a0b123c66a4c341de0474cad4a5c10c164ceed6ea090f3563db4",
                "sha256:993584fc821c58d5993521bfdcd31a4adf025c7d745bbd4d12ccfecf695af5ba",
                "sha256:a40821a89dc373d6427e2b44b572efc36a2778d3f543299e2f24eb1a5de65415",
                "sha256:b291f0ee7961a597cbbcc77709374087fa2a9afe7bdb6a40dbbd9b127e79afee",
                "sha256:b573a43ef7c368ba4ea06050a957c2a7550f729c31f11dd616d2ac4aba99888d",
                "sha256:b610ff0f24e9f11c9ae653c67ff8cc03c075131401b3e5ef4b82570d1728f8a9",
                "sha256:bdf38ba2d393c7911ae989c3bbba510ebbcdf4ecbdbfec36272abe350c454075",
                "sha256:bfef2bb6ef068827bbd021017a107194956918ab43ce4d6dc945ffa13efbc25f",
                "sha256:cab3db8bab4b7e635c1c97270d7a4b2a90c070b33cbc00c99ef3f9be03d3e1f7",
                "sha256:cb70766519500281815dfd7a87d3a178acf7ce95390544b8c90587d76b227681",
                "sha256:cca1b62fe70d761a282496b96a5e51c44c213e410a964bdffe0928e611368329",
                "sha256:ccf9a39706b604d884d2cb1e27fe973bc55f2890c52f38df742bc1d79ab9f5e1",
                "sha256:dc43f1ec66eb8440567186ae2f8c447d91e0372d793dfe8c222aec857b81a8cf",
                "sha256:dd632777ff3beaaf629f1ab4396caf7ba0bdd075d948a69460d13d44357aca4c",
                "sha256:e45ae4927759289c30ccba8d9fdce62bb414977ba158286b5ddaf8df2cddb5c5",
                "sha256:e50ebce52f41370707f1e21a59514e3375e3edd6e1832f5e5235237db933c98b",
                "sha256:ebbbba226f0a108a7366bf4b59bf0f30a12fd5e75100c630267d94d7f0ad20e5",
                "sha256:ec79ff6159dffcc30853b2ad612ed572af86c92b5168aa3fc01a67b0fa40665e",
                "sha256:f0936e08e0003f66bfd97e74ee530427707297b0d0361247e9b4f59ab78ddc8b",
                "sha256:f26a07a6e877c76a88e3cecac8531908d980d3d5067ff69213653649ec0f60ad",
                "sha256:f64e376cd20d3f030190e8c32e1c64582eba56ac6dc7d5b0b49a9d44021b52fd",
                "sha256:f6ffbc252eb0d229aeb2f9ad051200668fc3a9aaa8994e49f0cb2ffe2b7867e7",
                "sha256:f9a7c509542db4eceed3dcf21ee5267ab565a83555c9b88a8109dcecc4709002",
                "sha256:ff1d0899f104f3921d94579a5638847f783c9b04f2d5f229392ca77fba5b82fc"
            ],
            "markers": "python_version >= '3.8'",
            "version": "==1.0.7"
        },
        "pillow": {
            "hashes": [
                "sha256:0304004f8067386b477d20a518b50f3fa658a28d44e4116970abfcd94fac34a8",
                "sha256:0689b5a8c5288bc0504d9fcee48f61a6a586b9b98514d7d29b840143d6734f39",
                "sha256:0eae2073305f451d8ecacb5474997c08569fb4eb4ac231ffa4ad7d342fdc25ac",
                "sha256:0fb3e7fc88a14eacd303e90481ad983fd5b69c761e9e6ef94c983f91025da869",
                "sha256:11fa2e5984b949b0dd6d7a94d967743d87c577ff0b83392f17cb3990d0d2fd6e",
                "sha256:127cee571038f252a552760076407f9cff79761c3d436a12af6000cd182a9d04",
                "sha256:154e939c5f0053a383de4fd3d3da48d9427a7e985f58af8e94d0b3c9fcfcf4f9",
                "sha256:15587643b9e5eb26c48e49a7b33659790d28f190fc514a322d55da2fb5c2950e",
                "sha256:170aeb00224ab3dc54230c797f8404507240dd868cf52066f66a41b33169bdbe",
                "sha256:1b5e1b74d1bd1b78bc3477528919414874748dd363e6272efd5abf7654e68bef",
                "sha256:1da3b2703afd040cf65ec97efea81cfba59cdbed9c11d8efc5ab09df9509fc56",
                "sha256:1e23412b5c41e58cec602f1135c57dfcf15482013ce6e5f093a86db69646a5aa",
                "sha256:2247178effb34a77c11c0e8ac355c7a741ceca0a732b27bf11e747bbc950722f",
                "sha256:257d8788df5ca62c980314053197f4d46eefedf4e6175bc9412f14412ec4ea2f",
                "sha256:3031709084b6e7852d00479fd1d310b07d0ba82765f973b543c8af5061cf990e",
                "sha256:322209c642aabdd6207517e9739c704dc9f9db943015535783239022002f054a",
                "sha256:322bdf3c9b556e9ffb18f93462e5f749d3444ce081290352c6070d014c93feb2",
                "sha256:33870dc4653c5017bf4c8873e5488d8f8d5f8935e2f1fb9a2208c47cdd66efd2",
                "sha256:35bb52c37f256f662abdfa49d2dfa6ce5d93281d323a9af377a120e89a9eafb5",
                "sha256:3c31822339516fb3c82d03f30e22b1d038da87ef27b6a78c9549888f8ceda39a",
                "sha256:3eedd52442c0a5ff4f887fab0c1c0bb164d8635b32c894bc1faf4c618dd89df2",
                "sha256:3ff074fc97dd4e80543a3e91f69d58889baf2002b6be64347ea8cf5533188213",
                "sha256:47c0995fc4e7f79b5cfcab1fc437ff2890b770440f7696a3ba065ee0fd496563",
                "sha256:49d9ba1ed0ef3e061088cd1e7538a0759aab559e2e0a80a36f9fd9d8c0c21591",
                "sha256:51f1a1bffc50e2e9492e87d8e09a17c5eea8409cda8d3f277eb6edc82813c17c",
                "sha256:52a50aa3fb3acb9cf7213573ef55d31d6eca37f5709c69e6858fe3bc04a5c2a2",
                "sha256:54f1852cd531aa981bc0965b7d609f5f6cc8ce8c41b1139f6ed6b3c54ab82bfb",
                "sha256:609448742444d9290fd687940ac0b57fb35e6fd92bdb65386e08e99af60bf757",
                "sha256:69ffdd6120a4737710a9eee73e1d2e37db89b620f702754b8f6e62594471dee0",
                "sha256:6fad5ff2f13d69b7e74ce5b4ecd12cc0ec530fcee76356cac6742785ff71c452",
                "sha256:7049e301399273a0136ff39b84c3678e314f2158f50f517bc50285fb5ec847ad",
                "sha256:70c61d4c475835a19b3a5aa42492409878bbca7438554a1f89d20d58a7c75c01",
                "sha256:716d30ed977be8b37d3ef185fecb9e5a1d62d110dfbdcd1e2a122ab46fddb03f",
                "sha256:753cd8f2086b2b80180d9b3010dd4ed147efc167c90d3bf593fe2af21265e5a5",
                "sha256:773efe0603db30c281521a7c0214cad7836c03b8ccff897beae9b47c0b657d61",
                "sha256:7823bdd049099efa16e4246bdf15e5a13dbb18a51b68fa06d6c1d4d8b99a796e",
                "sha256:7c8f97e8e7a9009bcacbe3766a36175056c12f9a44e6e6f2d5caad06dcfbf03b",
                "sha256:823ef7a27cf86df6597fa0671066c1b596f69eba53efa3d1e1cb8b30f3533068",
                "sha256:8373c6c251f7ef8bda6675dd6d2b3a0fcc31edf1201266b5cf608b62a37407f9",
                "sha256:83b2021f2ade7d1ed556bc50a399127d7fb245e725aa0113ebd05cfe88aaf588",
                "sha256:870ea1ada0899fd0b79643990809323b389d4d1d46c192f97342eeb6ee0b8483",
                "sha256:8d12251f02d69d8310b046e82572ed486685c38f02176bd08baf216746eb947f",
                "sha256:9c23f307202661071d94b5e384e1e1dc7dfb972a28a2310e4ee16103e66ddb67",
                "sha256:9d189550615b4948f45252d7f005e53c2040cea1af5b60d6f79491a6e147eef7",
                "sha256:a086c2af425c5f62a65e12fbf385f7c9fcb8f107d0849dba5839461a129cf311",
                "sha256:a2b56ba36e05f973d450582fb015594aaa78834fefe8dfb8fcd79b93e64ba4c6",
                "sha256:aebb6044806f2e16ecc07b2a2637ee1ef67a11840a66752751714a0d924adf72",
                "sha256:b1b3020d90c2d8e1dae29cf3ce54f8094f7938460fb5ce8bc5c01450b01fbaf6",
                "sha256:b4b6b1e20608493548b1f32bce8cca185bf0480983890403d3b8753e44077129",
                "sha256:b6f491cdf80ae540738859d9766783e3b3c8e5bd37f5dfa0b76abdecc5081f13",
                "sha256:b792a349405fbc0163190fde0dc7b3fef3c9268292586cf5645598b48e63dc67",
                "sha256:b7c2286c23cd350b80d2fc9d424fc797575fb16f854b831d16fd47ceec078f2c",
                "sha256:babf5acfede515f176833ed6028754cbcd0d206f7f614ea3447d67c33be12516",
                "sha256:c365fd1703040de1ec284b176d6af5abe21b427cb3a5ff68e0759e1e313a5e7e",
                "sha256:c4225f5220f46b2fde568c74fca27ae9771536c2e29d7c04f4fb62c83275ac4e",
                "sha256:c570f24be1e468e3f0ce7ef56a89a60f0e05b30a3669a459e419c6eac2c35364",
                "sha256:c6dafac9e0f2b3c78df97e79af707cdc5ef8e88208d686a4847bab8266870023",
                "sha256:c8de2789052ed501dd829e9cae8d3dcce7acb4777ea4a479c14521c942d395b1",
                "sha256:cb28c753fd5eb3dd859b4ee95de66cc62af91bcff5db5f2571d32a520baf1f04",
                "sha256:cb4c38abeef13c61d6916f264d4845fab99d7b711be96c326b84df9e3e0ff62d",
                "sha256:d1b35bcd6c5543b9cb547dee3150c93008f8dd0f1fef78fc0cd2b141c5baf58a",
                "sha256:d8e6aeb9201e655354b3ad049cb77d19813ad4ece0df1249d3c793de3774f8c7",
                "sha256:d8ecd059fdaf60c1963c58ceb8997b32e9dc1b911f5da5307aab614f1ce5c2fb",
                "sha256:da2b52b37dad6d9ec64e653637a096905b258d2fc2b984c41ae7d08b938a67e4",
                "sha256:e87f0b2c78157e12d7686b27d63c070fd65d994e8ddae6f328e0dcf4a0cd007e",
                "sha256:edca80cbfb2b68d7b56930b84a0e45ae1694aeba0541f798e908a49d66b837f1",
                "sha256:f379abd2f1e3dddb2b61bc67977a6b5a0a3f7485538bcc6f39ec76163891ee48",
                "sha256:fe4c15f6c9285dc54ce6553a3ce908ed37c8f3825b5a51a15c91442bb955b868"
            ],
            "index": "pypi",
            "markers": "python_version >= '3.8'",
            "version": "==10.2.0"
        },
        "pygments": {
            "hashes": [
                "sha256:b27c2826c47d0f3219f29554824c30c5e8945175d888647acd804ddd04af846c",
                "sha256:da46cec9fd2de5be3a8a784f434e4c4ab670b4ff54d605c4c2717e9d49c4c367"
            ],
            "index": "pypi",
            "markers": "python_version >= '3.7'",
            "version": "==2.17.2"
        },
        "pymysql": {
            "hashes": [
                "sha256:4f13a7df8bf36a51e81dd9f3605fede45a4878fe02f9236349fd82a3f0612f96",
                "sha256:8969ec6d763c856f7073c4c64662882675702efcb114b4bcbb955aea3a069fa7"
            ],
            "index": "pypi",
            "markers": "python_version >= '3.7'",
            "version": "==1.1.0"
        },
        "pytz": {
            "hashes": [
                "sha256:7b4fddbeb94a1eba4b557da24f19fdf9db575192544270a9101d8509f9f43d7b",
                "sha256:ce42d816b81b68506614c11e8937d3aa9e41007ceb50bfdcb0749b921bf646c7"
            ],
            "version": "==2023.3.post1"
        },
        "redis": {
            "hashes": [
                "sha256:0dab495cd5753069d3bc650a0dde8a8f9edde16fc5691b689a566eda58100d0f",
                "sha256:ed4802971884ae19d640775ba3b03aa2e7bd5e8fb8dfaed2decce4d0fc48391f"
            ],
            "markers": "python_version >= '3.7'",
            "version": "==5.0.1"
        },
        "sqlparse": {
            "hashes": [
                "sha256:5430a4fe2ac7d0f93e66f1efc6e1338a41884b7ddf2a350cedd20ccc4d9d28f3",
                "sha256:d446183e84b8349fa3061f0fe7f06ca94ba65b426946ffebe6e3e8295332420c"
            ],
            "markers": "python_version >= '3.5'",
            "version": "==0.4.4"
        },
        "tzdata": {
            "hashes": [
                "sha256:aa3ace4329eeacda5b7beb7ea08ece826c28d761cda36e747cfbf97996d39bf3",
                "sha256:dd54c94f294765522c77399649b4fefd95522479a664a0cec87f41bebc6148c9"
            ],
            "markers": "sys_platform == 'win32'",
            "version": "==2023.4"
        }
    },
    "develop": {}
}
